
Microsoft Visual Studio Solution File, Format Version 12.00
# Visual Studio Version 17
VisualStudioVersion = 17.3.32929.385
MinimumVisualStudioVersion = 10.0.40219.1
Project("{9A19103F-16F7-4668-BE54-9A1E7A4F7556}") = "DRUGS", "DRUGS\DRUGS.csproj", "{46D9C798-711D-4595-8B9D-D54C7884B753}"
EndProject
Global
	GlobalSection(SolutionConfigurationPlatforms) = preSolution
		Debug|Any CPU = Debug|Any CPU
		Release|Any CPU = Release|Any CPU
	EndGlobalSection
	GlobalSection(ProjectConfigurationPlatforms) = postSolution
		{46D9C798-711D-4595-8B9D-D54C7884B753}.Debug|Any CPU.ActiveCfg = Debug|Any CPU
		{46D9C798-711D-4595-8B9D-D54C7884B753}.Debug|Any CPU.Build.0 = Debug|Any CPU
		{46D9C798-711D-4595-8B9D-D54C7884B753}.Release|Any CPU.ActiveCfg = Release|Any CPU
		{46D9C798-711D-4595-8B9D-D54C7884B753}.Release|Any CPU.Build.0 = Release|Any CPU
	EndGlobalSection
	GlobalSection(SolutionProperties) = preSolution
		HideSolutionNode = FALSE
	EndGlobalSection
	GlobalSection(ExtensibilityGlobals) = postSolution
		SolutionGuid = {5FDAB3C8-26F3-4223-A9FC-269EF002F557}
	EndGlobalSection
EndGlobal
